
Microsoft Visual Studio Solution File, Format Version 12.00
# Visual Studio Version 17
VisualStudioVersion = 17.9.34902.65
MinimumVisualStudioVersion = 10.0.40219.1
Project("{FAE04EC0-301F-11D3-BF4B-00C04F79EFBC}") = "ShopLibrary", "ShopLibrary\ShopLibrary.csproj", "{90FE70AC-1862-4224-A0FC-9B295BBA596B}"
EndProject
Project("{FAE04EC0-301F-11D3-BF4B-00C04F79EFBC}") = "ShopAPI", "ShopAPI\ShopAPI.csproj", "{92001ACA-3882-46C0-B7D1-8A4BC17396D9}"
EndProject
Global
	GlobalSection(SolutionConfigurationPlatforms) = preSolution
		Debug|Any CPU = Debug|Any CPU
		Release|Any CPU = Release|Any CPU
	EndGlobalSection
	GlobalSection(ProjectConfigurationPlatforms) = postSolution
		{90FE70AC-1862-4224-A0FC-9B295BBA596B}.Debug|Any CPU.ActiveCfg = Debug|Any CPU
		{90FE70AC-1862-4224-A0FC-9B295BBA596B}.Debug|Any CPU.Build.0 = Debug|Any CPU
		{90FE70AC-1862-4224-A0FC-9B295BBA596B}.Release|Any CPU.ActiveCfg = Release|Any CPU
		{90FE70AC-1862-4224-A0FC-9B295BBA596B}.Release|Any CPU.Build.0 = Release|Any CPU
		{92001ACA-3882-46C0-B7D1-8A4BC17396D9}.Debug|Any CPU.ActiveCfg = Debug|Any CPU
		{92001ACA-3882-46C0-B7D1-8A4BC17396D9}.Debug|Any CPU.Build.0 = Debug|Any CPU
		{92001ACA-3882-46C0-B7D1-8A4BC17396D9}.Release|Any CPU.ActiveCfg = Release|Any CPU
		{92001ACA-3882-46C0-B7D1-8A4BC17396D9}.Release|Any CPU.Build.0 = Release|Any CPU
	EndGlobalSection
	GlobalSection(SolutionProperties) = preSolution
		HideSolutionNode = FALSE
	EndGlobalSection
	GlobalSection(ExtensibilityGlobals) = postSolution
		SolutionGuid = {19EAD3C9-A104-4A0B-BC8D-EEB47D50A346}
	EndGlobalSection
EndGlobal
